
Microsoft Visual Studio Solution File, Format Version 12.00
# Visual Studio Version 17
VisualStudioVersion = 17.9.34723.18
MinimumVisualStudioVersion = 10.0.40219.1
Project("{FAE04EC0-301F-11D3-BF4B-00C04F79EFBC}") = "MichaelSoft Aruze Dev opps", "MichaelSoft Aruze Dev opps\MichaelSoft Aruze Dev opps.csproj", "{CA2B45D0-A259-4B6F-BC6B-C45513870FC3}"
EndProject
Project("{FAE04EC0-301F-11D3-BF4B-00C04F79EFBC}") = "HealthCheckAPI", "HealthCheckAPI\HealthCheckAPI.csproj", "{9092DC20-488B-4AF4-B9BA-AA81BBA413C8}"
EndProject
Global
	GlobalSection(SolutionConfigurationPlatforms) = preSolution
		Debug|Any CPU = Debug|Any CPU
		Release|Any CPU = Release|Any CPU
	EndGlobalSection
	GlobalSection(ProjectConfigurationPlatforms) = postSolution
		{CA2B45D0-A259-4B6F-BC6B-C45513870FC3}.Debug|Any CPU.ActiveCfg = Debug|Any CPU
		{CA2B45D0-A259-4B6F-BC6B-C45513870FC3}.Debug|Any CPU.Build.0 = Debug|Any CPU
		{CA2B45D0-A259-4B6F-BC6B-C45513870FC3}.Release|Any CPU.ActiveCfg = Release|Any CPU
		{CA2B45D0-A259-4B6F-BC6B-C45513870FC3}.Release|Any CPU.Build.0 = Release|Any CPU
		{9092DC20-488B-4AF4-B9BA-AA81BBA413C8}.Debug|Any CPU.ActiveCfg = Debug|Any CPU
		{9092DC20-488B-4AF4-B9BA-AA81BBA413C8}.Debug|Any CPU.Build.0 = Debug|Any CPU
		{9092DC20-488B-4AF4-B9BA-AA81BBA413C8}.Release|Any CPU.ActiveCfg = Release|Any CPU
		{9092DC20-488B-4AF4-B9BA-AA81BBA413C8}.Release|Any CPU.Build.0 = Release|Any CPU
	EndGlobalSection
	GlobalSection(SolutionProperties) = preSolution
		HideSolutionNode = FALSE
	EndGlobalSection
	GlobalSection(ExtensibilityGlobals) = postSolution
		SolutionGuid = {437326F9-FE2B-43EA-B175-98F4D31F0A1D}
	EndGlobalSection
EndGlobal
